
Microsoft Visual Studio Solution File, Format Version 12.00
# Visual Studio Version 17
VisualStudioVersion = 17.10.35013.160
MinimumVisualStudioVersion = 10.0.40219.1
Project("{9A19103F-16F7-4668-BE54-9A1E7A4F7556}") = "FlexCart", "FlexCart\FlexCart.csproj", "{1A8B801D-B7B9-4AF3-9A58-EFD76F79FBA6}"
EndProject
Global
	GlobalSection(SolutionConfigurationPlatforms) = preSolution
		Debug|Any CPU = Debug|Any CPU
		Release|Any CPU = Release|Any CPU
	EndGlobalSection
	GlobalSection(ProjectConfigurationPlatforms) = postSolution
		{1A8B801D-B7B9-4AF3-9A58-EFD76F79FBA6}.Debug|Any CPU.ActiveCfg = Debug|Any CPU
		{1A8B801D-B7B9-4AF3-9A58-EFD76F79FBA6}.Debug|Any CPU.Build.0 = Debug|Any CPU
		{1A8B801D-B7B9-4AF3-9A58-EFD76F79FBA6}.Release|Any CPU.ActiveCfg = Release|Any CPU
		{1A8B801D-B7B9-4AF3-9A58-EFD76F79FBA6}.Release|Any CPU.Build.0 = Release|Any CPU
	EndGlobalSection
	GlobalSection(SolutionProperties) = preSolution
		HideSolutionNode = FALSE
	EndGlobalSection
	GlobalSection(ExtensibilityGlobals) = postSolution
		SolutionGuid = {7D440E14-1988-44F0-88D9-FC6C2B209E38}
	EndGlobalSection
EndGlobal
